// !$*UTF8*$!
{
	archiveVersion = 1;
	classes = {
	};
	objectVersion = 46;
	objects = {

/* Begin PBXBuildFile section */
		AA5E68C21D36206F00F890FC /* AppDelegate.swift in Sources */ = {isa = PBXBuildFile; fileRef = AA5E68C11D36206F00F890FC /* AppDelegate.swift */; };
		AA5E68C41D36206F00F890FC /* ViewController.swift in Sources */ = {isa = PBXBuildFile; fileRef = AA5E68C31D36206F00F890FC /* ViewController.swift */; };
		AA5E68C71D36206F00F890FC /* Main.storyboard in Resources */ = {isa = PBXBuildFile; fileRef = AA5E68C51D36206F00F890FC /* Main.storyboard */; };
		AA5E68C91D36206F00F890FC /* Assets.xcassets in Resources */ = {isa = PBXBuildFile; fileRef = AA5E68C81D36206F00F890FC /* Assets.xcassets */; };
		AA5E68CC1D36206F00F890FC /* LaunchScreen.storyboard in Resources */ = {isa = PBXBuildFile; fileRef = AA5E68CA1D36206F00F890FC /* LaunchScreen.storyboard */; };
		AA5E68DA1D36217E00F890FC /* UserNotifications.framework in Frameworks */ = {isa = PBXBuildFile; fileRef = AA5E68D91D36217E00F890FC /* UserNotifications.framework */; };
		AA5E68DC1D36217E00F890FC /* UserNotificationsUI.framework in Frameworks */ = {isa = PBXBuildFile; fileRef = AA5E68DB1D36217E00F890FC /* UserNotificationsUI.framework */; };
		AA5E68DF1D36217E00F890FC /* NotificationViewController.swift in Sources */ = {isa = PBXBuildFile; fileRef = AA5E68DE1D36217E00F890FC /* NotificationViewController.swift */; };
		AA5E68E21D36217E00F890FC /* MainInterface.storyboard in Resources */ = {isa = PBXBuildFile; fileRef = AA5E68E01D36217E00F890FC /* MainInterface.storyboard */; };
		AA5E68E61D36217E00F890FC /* Notifier.appex in Embed App Extensions */ = {isa = PBXBuildFile; fileRef = AA5E68D71D36217E00F890FC /* Notifier.appex */; settings = {ATTRIBUTES = (RemoveHeadersOnCopy, ); }; };
		AA5E68ED1D362CDB00F890FC /* SpinnerView.swift in Sources */ = {isa = PBXBuildFile; fileRef = AA5E68EC1D362CDB00F890FC /* SpinnerView.swift */; };
		AA5E68EF1D362D0B00F890FC /* SpinnerView.xib in Resources */ = {isa = PBXBuildFile; fileRef = AA5E68EE1D362D0B00F890FC /* SpinnerView.xib */; };
		AA5E68F01D36525C00F890FC /* SpinnerView.swift in Sources */ = {isa = PBXBuildFile; fileRef = AA5E68EC1D362CDB00F890FC /* SpinnerView.swift */; };
		AA5E68F11D36525C00F890FC /* SpinnerView.xib in Resources */ = {isa = PBXBuildFile; fileRef = AA5E68EE1D362D0B00F890FC /* SpinnerView.xib */; };
		AABDA66D1D36620000CE1E2E /* Constraint.swift in Sources */ = {isa = PBXBuildFile; fileRef = AABDA6611D36620000CE1E2E /* Constraint.swift */; };
		AABDA66E1D36620000CE1E2E /* Constraint.swift in Sources */ = {isa = PBXBuildFile; fileRef = AABDA6611D36620000CE1E2E /* Constraint.swift */; };
		AABDA66F1D36620000CE1E2E /* ConstraintAttributes.swift in Sources */ = {isa = PBXBuildFile; fileRef = AABDA6621D36620000CE1E2E /* ConstraintAttributes.swift */; };
		AABDA6701D36620000CE1E2E /* ConstraintAttributes.swift in Sources */ = {isa = PBXBuildFile; fileRef = AABDA6621D36620000CE1E2E /* ConstraintAttributes.swift */; };
		AABDA6711D36620000CE1E2E /* ConstraintDescription.swift in Sources */ = {isa = PBXBuildFile; fileRef = AABDA6631D36620000CE1E2E /* ConstraintDescription.swift */; };
		AABDA6721D36620000CE1E2E /* ConstraintDescription.swift in Sources */ = {isa = PBXBuildFile; fileRef = AABDA6631D36620000CE1E2E /* ConstraintDescription.swift */; };
		AABDA6731D36620000CE1E2E /* ConstraintItem.swift in Sources */ = {isa = PBXBuildFile; fileRef = AABDA6641D36620000CE1E2E /* ConstraintItem.swift */; };
		AABDA6741D36620000CE1E2E /* ConstraintItem.swift in Sources */ = {isa = PBXBuildFile; fileRef = AABDA6641D36620000CE1E2E /* ConstraintItem.swift */; };
		AABDA6751D36620000CE1E2E /* ConstraintMaker.swift in Sources */ = {isa = PBXBuildFile; fileRef = AABDA6651D36620000CE1E2E /* ConstraintMaker.swift */; };
		AABDA6761D36620000CE1E2E /* ConstraintMaker.swift in Sources */ = {isa = PBXBuildFile; fileRef = AABDA6651D36620000CE1E2E /* ConstraintMaker.swift */; };
		AABDA6771D36620000CE1E2E /* ConstraintRelation.swift in Sources */ = {isa = PBXBuildFile; fileRef = AABDA6661D36620000CE1E2E /* ConstraintRelation.swift */; };
		AABDA6781D36620000CE1E2E /* ConstraintRelation.swift in Sources */ = {isa = PBXBuildFile; fileRef = AABDA6661D36620000CE1E2E /* ConstraintRelation.swift */; };
		AABDA6791D36620000CE1E2E /* Debugging.swift in Sources */ = {isa = PBXBuildFile; fileRef = AABDA6671D36620000CE1E2E /* Debugging.swift */; };
		AABDA67A1D36620000CE1E2E /* Debugging.swift in Sources */ = {isa = PBXBuildFile; fileRef = AABDA6671D36620000CE1E2E /* Debugging.swift */; };
		AABDA67B1D36620000CE1E2E /* EdgeInsets.swift in Sources */ = {isa = PBXBuildFile; fileRef = AABDA6681D36620000CE1E2E /* EdgeInsets.swift */; };
		AABDA67C1D36620000CE1E2E /* EdgeInsets.swift in Sources */ = {isa = PBXBuildFile; fileRef = AABDA6681D36620000CE1E2E /* EdgeInsets.swift */; };
		AABDA67D1D36620000CE1E2E /* LayoutConstraint.swift in Sources */ = {isa = PBXBuildFile; fileRef = AABDA6691D36620000CE1E2E /* LayoutConstraint.swift */; };
		AABDA67E1D36620000CE1E2E /* LayoutConstraint.swift in Sources */ = {isa = PBXBuildFile; fileRef = AABDA6691D36620000CE1E2E /* LayoutConstraint.swift */; };
		AABDA67F1D36620000CE1E2E /* SnapKit.swift in Sources */ = {isa = PBXBuildFile; fileRef = AABDA66A1D36620000CE1E2E /* SnapKit.swift */; };
		AABDA6801D36620000CE1E2E /* SnapKit.swift in Sources */ = {isa = PBXBuildFile; fileRef = AABDA66A1D36620000CE1E2E /* SnapKit.swift */; };
		AABDA6811D36620000CE1E2E /* View+SnapKit.swift in Sources */ = {isa = PBXBuildFile; fileRef = AABDA66B1D36620000CE1E2E /* View+SnapKit.swift */; };
		AABDA6821D36620000CE1E2E /* View+SnapKit.swift in Sources */ = {isa = PBXBuildFile; fileRef = AABDA66B1D36620000CE1E2E /* View+SnapKit.swift */; };
		AABDA6831D36620000CE1E2E /* ViewController+SnapKit.swift in Sources */ = {isa = PBXBuildFile; fileRef = AABDA66C1D36620000CE1E2E /* ViewController+SnapKit.swift */; };
		AABDA6841D36620000CE1E2E /* ViewController+SnapKit.swift in Sources */ = {isa = PBXBuildFile; fileRef = AABDA66C1D36620000CE1E2E /* ViewController+SnapKit.swift */; };
		AABDA6861D36732900CE1E2E /* AccumulatorView.xib in Resources */ = {isa = PBXBuildFile; fileRef = AABDA6851D36732900CE1E2E /* AccumulatorView.xib */; };
		AABDA6871D36732900CE1E2E /* AccumulatorView.xib in Resources */ = {isa = PBXBuildFile; fileRef = AABDA6851D36732900CE1E2E /* AccumulatorView.xib */; };
		AABDA6891D3675D000CE1E2E /* AccumulatorView.swift in Sources */ = {isa = PBXBuildFile; fileRef = AABDA6881D3675D000CE1E2E /* AccumulatorView.swift */; };
		AABDA68A1D3675D000CE1E2E /* AccumulatorView.swift in Sources */ = {isa = PBXBuildFile; fileRef = AABDA6881D3675D000CE1E2E /* AccumulatorView.swift */; };
		AABDA68D1D36811C00CE1E2E /* AccumulatorViewModel.swift in Sources */ = {isa = PBXBuildFile; fileRef = AABDA68C1D36811C00CE1E2E /* AccumulatorViewModel.swift */; };
		AABDA68E1D36811C00CE1E2E /* AccumulatorViewModel.swift in Sources */ = {isa = PBXBuildFile; fileRef = AABDA68C1D36811C00CE1E2E /* AccumulatorViewModel.swift */; };
/* End PBXBuildFile section */

/* Begin PBXContainerItemProxy section */
		AA5E68E41D36217E00F890FC /* PBXContainerItemProxy */ = {
			isa = PBXContainerItemProxy;
			containerPortal = AA5E68B61D36206F00F890FC /* Project object */;
			proxyType = 1;
			remoteGlobalIDString = AA5E68D61D36217E00F890FC;
			remoteInfo = Notifier;
		};
/* End PBXContainerItemProxy section */

/* Begin PBXCopyFilesBuildPhase section */
		AA5E68EA1D36217E00F890FC /* Embed App Extensions */ = {
			isa = PBXCopyFilesBuildPhase;
			buildActionMask = 2147483647;
			dstPath = "";
			dstSubfolderSpec = 13;
			files = (
				AA5E68E61D36217E00F890FC /* Notifier.appex in Embed App Extensions */,
			);
			name = "Embed App Extensions";
			runOnlyForDeploymentPostprocessing = 0;
		};
/* End PBXCopyFilesBuildPhase section */

/* Begin PBXFileReference section */
		AA5E68BE1D36206F00F890FC /* Call Provider.app */ = {isa = PBXFileReference; explicitFileType = wrapper.application; includeInIndex = 0; path = "Call Provider.app"; sourceTree = BUILT_PRODUCTS_DIR; };
		AA5E68C11D36206F00F890FC /* AppDelegate.swift */ = {isa = PBXFileReference; lastKnownFileType = sourcecode.swift; path = AppDelegate.swift; sourceTree = "<group>"; };
		AA5E68C31D36206F00F890FC /* ViewController.swift */ = {isa = PBXFileReference; lastKnownFileType = sourcecode.swift; path = ViewController.swift; sourceTree = "<group>"; };
		AA5E68C61D36206F00F890FC /* Base */ = {isa = PBXFileReference; lastKnownFileType = file.storyboard; name = Base; path = Base.lproj/Main.storyboard; sourceTree = "<group>"; };
		AA5E68C81D36206F00F890FC /* Assets.xcassets */ = {isa = PBXFileReference; lastKnownFileType = folder.assetcatalog; path = Assets.xcassets; sourceTree = "<group>"; };
		AA5E68CB1D36206F00F890FC /* Base */ = {isa = PBXFileReference; lastKnownFileType = file.storyboard; name = Base; path = Base.lproj/LaunchScreen.storyboard; sourceTree = "<group>"; };
		AA5E68CD1D36206F00F890FC /* Info.plist */ = {isa = PBXFileReference; lastKnownFileType = text.plist.xml; path = Info.plist; sourceTree = "<group>"; };
		AA5E68D71D36217E00F890FC /* Notifier.appex */ = {isa = PBXFileReference; explicitFileType = "wrapper.app-extension"; includeInIndex = 0; path = Notifier.appex; sourceTree = BUILT_PRODUCTS_DIR; };
		AA5E68D91D36217E00F890FC /* UserNotifications.framework */ = {isa = PBXFileReference; lastKnownFileType = wrapper.framework; name = UserNotifications.framework; path = System/Library/Frameworks/UserNotifications.framework; sourceTree = SDKROOT; };
		AA5E68DB1D36217E00F890FC /* UserNotificationsUI.framework */ = {isa = PBXFileReference; lastKnownFileType = wrapper.framework; name = UserNotificationsUI.framework; path = System/Library/Frameworks/UserNotificationsUI.framework; sourceTree = SDKROOT; };
		AA5E68DE1D36217E00F890FC /* NotificationViewController.swift */ = {isa = PBXFileReference; lastKnownFileType = sourcecode.swift; path = NotificationViewController.swift; sourceTree = "<group>"; };
		AA5E68E11D36217E00F890FC /* Base */ = {isa = PBXFileReference; lastKnownFileType = file.storyboard; name = Base; path = Base.lproj/MainInterface.storyboard; sourceTree = "<group>"; };
		AA5E68E31D36217E00F890FC /* Info.plist */ = {isa = PBXFileReference; lastKnownFileType = text.plist.xml; path = Info.plist; sourceTree = "<group>"; };
		AA5E68EC1D362CDB00F890FC /* SpinnerView.swift */ = {isa = PBXFileReference; fileEncoding = 4; lastKnownFileType = sourcecode.swift; path = SpinnerView.swift; sourceTree = "<group>"; };
		AA5E68EE1D362D0B00F890FC /* SpinnerView.xib */ = {isa = PBXFileReference; fileEncoding = 4; lastKnownFileType = file.xib; path = SpinnerView.xib; sourceTree = "<group>"; };
		AABDA6611D36620000CE1E2E /* Constraint.swift */ = {isa = PBXFileReference; fileEncoding = 4; lastKnownFileType = sourcecode.swift; path = Constraint.swift; sourceTree = "<group>"; };
		AABDA6621D36620000CE1E2E /* ConstraintAttributes.swift */ = {isa = PBXFileReference; fileEncoding = 4; lastKnownFileType = sourcecode.swift; path = ConstraintAttributes.swift; sourceTree = "<group>"; };
		AABDA6631D36620000CE1E2E /* ConstraintDescription.swift */ = {isa = PBXFileReference; fileEncoding = 4; lastKnownFileType = sourcecode.swift; path = ConstraintDescription.swift; sourceTree = "<group>"; };
		AABDA6641D36620000CE1E2E /* ConstraintItem.swift */ = {isa = PBXFileReference; fileEncoding = 4; lastKnownFileType = sourcecode.swift; path = ConstraintItem.swift; sourceTree = "<group>"; };
		AABDA6651D36620000CE1E2E /* ConstraintMaker.swift */ = {isa = PBXFileReference; fileEncoding = 4; lastKnownFileType = sourcecode.swift; path = ConstraintMaker.swift; sourceTree = "<group>"; };
		AABDA6661D36620000CE1E2E /* ConstraintRelation.swift */ = {isa = PBXFileReference; fileEncoding = 4; lastKnownFileType = sourcecode.swift; path = ConstraintRelation.swift; sourceTree = "<group>"; };
		AABDA6671D36620000CE1E2E /* Debugging.swift */ = {isa = PBXFileReference; fileEncoding = 4; lastKnownFileType = sourcecode.swift; path = Debugging.swift; sourceTree = "<group>"; };
		AABDA6681D36620000CE1E2E /* EdgeInsets.swift */ = {isa = PBXFileReference; fileEncoding = 4; lastKnownFileType = sourcecode.swift; path = EdgeInsets.swift; sourceTree = "<group>"; };
		AABDA6691D36620000CE1E2E /* LayoutConstraint.swift */ = {isa = PBXFileReference; fileEncoding = 4; lastKnownFileType = sourcecode.swift; path = LayoutConstraint.swift; sourceTree = "<group>"; };
		AABDA66A1D36620000CE1E2E /* SnapKit.swift */ = {isa = PBXFileReference; fileEncoding = 4; lastKnownFileType = sourcecode.swift; path = SnapKit.swift; sourceTree = "<group>"; };
		AABDA66B1D36620000CE1E2E /* View+SnapKit.swift */ = {isa = PBXFileReference; fileEncoding = 4; lastKnownFileType = sourcecode.swift; path = "View+SnapKit.swift"; sourceTree = "<group>"; };
		AABDA66C1D36620000CE1E2E /* ViewController+SnapKit.swift */ = {isa = PBXFileReference; fileEncoding = 4; lastKnownFileType = sourcecode.swift; path = "ViewController+SnapKit.swift"; sourceTree = "<group>"; };
		AABDA6851D36732900CE1E2E /* AccumulatorView.xib */ = {isa = PBXFileReference; fileEncoding = 4; lastKnownFileType = file.xib; path = AccumulatorView.xib; sourceTree = "<group>"; };
		AABDA6881D3675D000CE1E2E /* AccumulatorView.swift */ = {isa = PBXFileReference; fileEncoding = 4; lastKnownFileType = sourcecode.swift; path = AccumulatorView.swift; sourceTree = "<group>"; };
		AABDA68C1D36811C00CE1E2E /* AccumulatorViewModel.swift */ = {isa = PBXFileReference; fileEncoding = 4; lastKnownFileType = sourcecode.swift; path = AccumulatorViewModel.swift; sourceTree = "<group>"; };
/* End PBXFileReference section */

/* Begin PBXFrameworksBuildPhase section */
		AA5E68BB1D36206F00F890FC /* Frameworks */ = {
			isa = PBXFrameworksBuildPhase;
			buildActionMask = 2147483647;
			files = (
			);
			runOnlyForDeploymentPostprocessing = 0;
		};
		AA5E68D41D36217E00F890FC /* Frameworks */ = {
			isa = PBXFrameworksBuildPhase;
			buildActionMask = 2147483647;
			files = (
				AA5E68DC1D36217E00F890FC /* UserNotificationsUI.framework in Frameworks */,
				AA5E68DA1D36217E00F890FC /* UserNotifications.framework in Frameworks */,
			);
			runOnlyForDeploymentPostprocessing = 0;
		};
/* End PBXFrameworksBuildPhase section */

/* Begin PBXGroup section */
		AA5E68B51D36206F00F890FC = {
			isa = PBXGroup;
			children = (
				AA5E68C01D36206F00F890FC /* Call Provider */,
				AA828B211D3E22FA00998913 /* Classes */,
				AA5E68D81D36217E00F890FC /* Frameworks */,
				AA5E68DD1D36217E00F890FC /* Notifier */,
				AA5E68BF1D36206F00F890FC /* Products */,
			);
			sourceTree = "<group>";
		};
		AA5E68BF1D36206F00F890FC /* Products */ = {
			isa = PBXGroup;
			children = (
				AA5E68BE1D36206F00F890FC /* Call Provider.app */,
				AA5E68D71D36217E00F890FC /* Notifier.appex */,
			);
			name = Products;
			sourceTree = "<group>";
		};
		AA5E68C01D36206F00F890FC /* Call Provider */ = {
			isa = PBXGroup;
			children = (
				AA828B231D3E232600998913 /* Resources */,
				AA828B221D3E231400998913 /* View */,
				AA828B241D3E233900998913 /* View Controller */,
				AA5E68C11D36206F00F890FC /* AppDelegate.swift */,
			);
			path = "Call Provider";
			sourceTree = "<group>";
		};
		AA5E68D81D36217E00F890FC /* Frameworks */ = {
			isa = PBXGroup;
			children = (
				AA5E68D91D36217E00F890FC /* UserNotifications.framework */,
				AA5E68DB1D36217E00F890FC /* UserNotificationsUI.framework */,
			);
			name = Frameworks;
			sourceTree = "<group>";
		};
		AA5E68DD1D36217E00F890FC /* Notifier */ = {
			isa = PBXGroup;
			children = (
				AA828B251D3E235700998913 /* Resources */,
				AA828B261D3E236100998913 /* View */,
				AA828B271D3E236A00998913 /* View Controller */,
			);
			path = Notifier;
			sourceTree = "<group>";
		};
		AA5E68EB1D362CA100F890FC /* View */ = {
			isa = PBXGroup;
			children = (
				AABDA6881D3675D000CE1E2E /* AccumulatorView.swift */,
				AABDA6851D36732900CE1E2E /* AccumulatorView.xib */,
				AA5E68EC1D362CDB00F890FC /* SpinnerView.swift */,
				AA5E68EE1D362D0B00F890FC /* SpinnerView.xib */,
			);
			path = View;
			sourceTree = "<group>";
		};
		AA828B211D3E22FA00998913 /* Classes */ = {
			isa = PBXGroup;
			children = (
				AABD6D501D3E24B800111B75 /* External */,
				AA5E68EB1D362CA100F890FC /* View */,
				AABDA68B1D3680F800CE1E2E /* View Model */,
			);
			path = Classes;
			sourceTree = "<group>";
		};
		AA828B221D3E231400998913 /* View */ = {
			isa = PBXGroup;
			children = (
				AA5E68CA1D36206F00F890FC /* LaunchScreen.storyboard */,
				AA5E68C51D36206F00F890FC /* Main.storyboard */,
			);
			path = View;
			sourceTree = "<group>";
		};
		AA828B231D3E232600998913 /* Resources */ = {
			isa = PBXGroup;
			children = (
				AA5E68C81D36206F00F890FC /* Assets.xcassets */,
				AA5E68CD1D36206F00F890FC /* Info.plist */,
			);
			path = Resources;
			sourceTree = "<group>";
		};
		AA828B241D3E233900998913 /* View Controller */ = {
			isa = PBXGroup;
			children = (
				AA5E68C31D36206F00F890FC /* ViewController.swift */,
			);
			path = "View Controller";
			sourceTree = "<group>";
		};
		AA828B251D3E235700998913 /* Resources */ = {
			isa = PBXGroup;
			children = (
				AA5E68E31D36217E00F890FC /* Info.plist */,
			);
			path = Resources;
			sourceTree = "<group>";
		};
		AA828B261D3E236100998913 /* View */ = {
			isa = PBXGroup;
			children = (
				AA5E68E01D36217E00F890FC /* MainInterface.storyboard */,
			);
			path = View;
			sourceTree = "<group>";
		};
		AA828B271D3E236A00998913 /* View Controller */ = {
			isa = PBXGroup;
			children = (
				AA5E68DE1D36217E00F890FC /* NotificationViewController.swift */,
			);
			path = "View Controller";
			sourceTree = "<group>";
		};
		AABD6D501D3E24B800111B75 /* External */ = {
			isa = PBXGroup;
			children = (
				AABDA6601D36620000CE1E2E /* SnapKit */,
			);
			path = External;
			sourceTree = "<group>";
		};
		AABDA6601D36620000CE1E2E /* SnapKit */ = {
			isa = PBXGroup;
			children = (
				AABDA6611D36620000CE1E2E /* Constraint.swift */,
				AABDA6621D36620000CE1E2E /* ConstraintAttributes.swift */,
				AABDA6631D36620000CE1E2E /* ConstraintDescription.swift */,
				AABDA6641D36620000CE1E2E /* ConstraintItem.swift */,
				AABDA6651D36620000CE1E2E /* ConstraintMaker.swift */,
				AABDA6661D36620000CE1E2E /* ConstraintRelation.swift */,
				AABDA6671D36620000CE1E2E /* Debugging.swift */,
				AABDA6681D36620000CE1E2E /* EdgeInsets.swift */,
				AABDA6691D36620000CE1E2E /* LayoutConstraint.swift */,
				AABDA66A1D36620000CE1E2E /* SnapKit.swift */,
				AABDA66B1D36620000CE1E2E /* View+SnapKit.swift */,
				AABDA66C1D36620000CE1E2E /* ViewController+SnapKit.swift */,
			);
			path = SnapKit;
			sourceTree = "<group>";
		};
		AABDA68B1D3680F800CE1E2E /* View Model */ = {
			isa = PBXGroup;
			children = (
				AABDA68C1D36811C00CE1E2E /* AccumulatorViewModel.swift */,
			);
			path = "View Model";
			sourceTree = "<group>";
		};
/* End PBXGroup section */

/* Begin PBXNativeTarget section */
		AA5E68BD1D36206F00F890FC /* Call Provider */ = {
			isa = PBXNativeTarget;
			buildConfigurationList = AA5E68D01D36206F00F890FC /* Build configuration list for PBXNativeTarget "Call Provider" */;
			buildPhases = (
				AA5E68BA1D36206F00F890FC /* Sources */,
				AA5E68BB1D36206F00F890FC /* Frameworks */,
				AA5E68BC1D36206F00F890FC /* Resources */,
				AA5E68EA1D36217E00F890FC /* Embed App Extensions */,
			);
			buildRules = (
			);
			dependencies = (
				AA5E68E51D36217E00F890FC /* PBXTargetDependency */,
			);
			name = "Call Provider";
			productName = "Call Provider";
			productReference = AA5E68BE1D36206F00F890FC /* Call Provider.app */;
			productType = "com.apple.product-type.application";
		};
		AA5E68D61D36217E00F890FC /* Notifier */ = {
			isa = PBXNativeTarget;
			buildConfigurationList = AA5E68E71D36217E00F890FC /* Build configuration list for PBXNativeTarget "Notifier" */;
			buildPhases = (
				AA5E68D31D36217E00F890FC /* Sources */,
				AA5E68D41D36217E00F890FC /* Frameworks */,
				AA5E68D51D36217E00F890FC /* Resources */,
			);
			buildRules = (
			);
			dependencies = (
			);
			name = Notifier;
			productName = Notifier;
			productReference = AA5E68D71D36217E00F890FC /* Notifier.appex */;
			productType = "com.apple.product-type.app-extension";
		};
/* End PBXNativeTarget section */

/* Begin PBXProject section */
		AA5E68B61D36206F00F890FC /* Project object */ = {
			isa = PBXProject;
			attributes = {
				LastSwiftUpdateCheck = 0800;
				LastUpgradeCheck = 0800;
				ORGANIZATIONNAME = "Ivan Vavilov";
				TargetAttributes = {
					AA5E68BD1D36206F00F890FC = {
						CreatedOnToolsVersion = 8.0;
						DevelopmentTeam = R3GMKV289J;
						DevelopmentTeamName = "Ivan Vavilov (Personal Team)";
						LastSwiftMigration = 0800;
						ProvisioningStyle = Automatic;
					};
					AA5E68D61D36217E00F890FC = {
						CreatedOnToolsVersion = 8.0;
						DevelopmentTeam = R3GMKV289J;
						DevelopmentTeamName = "Ivan Vavilov (Personal Team)";
						LastSwiftMigration = 0800;
						ProvisioningStyle = Automatic;
					};
				};
			};
			buildConfigurationList = AA5E68B91D36206F00F890FC /* Build configuration list for PBXProject "Call Provider" */;
			compatibilityVersion = "Xcode 3.2";
			developmentRegion = English;
			hasScannedForEncodings = 0;
			knownRegions = (
				en,
				Base,
			);
			mainGroup = AA5E68B51D36206F00F890FC;
			productRefGroup = AA5E68BF1D36206F00F890FC /* Products */;
			projectDirPath = "";
			projectRoot = "";
			targets = (
				AA5E68BD1D36206F00F890FC /* Call Provider */,
				AA5E68D61D36217E00F890FC /* Notifier */,
			);
		};
/* End PBXProject section */

/* Begin PBXResourcesBuildPhase section */
		AA5E68BC1D36206F00F890FC /* Resources */ = {
			isa = PBXResourcesBuildPhase;
			buildActionMask = 2147483647;
			files = (
				AA5E68CC1D36206F00F890FC /* LaunchScreen.storyboard in Resources */,
				AA5E68C91D36206F00F890FC /* Assets.xcassets in Resources */,
				AABDA6861D36732900CE1E2E /* AccumulatorView.xib in Resources */,
				AA5E68F11D36525C00F890FC /* SpinnerView.xib in Resources */,
				AA5E68C71D36206F00F890FC /* Main.storyboard in Resources */,
			);
			runOnlyForDeploymentPostprocessing = 0;
		};
		AA5E68D51D36217E00F890FC /* Resources */ = {
			isa = PBXResourcesBuildPhase;
			buildActionMask = 2147483647;
			files = (
				AA5E68EF1D362D0B00F890FC /* SpinnerView.xib in Resources */,
				AABDA6871D36732900CE1E2E /* AccumulatorView.xib in Resources */,
				AA5E68E21D36217E00F890FC /* MainInterface.storyboard in Resources */,
			);
			runOnlyForDeploymentPostprocessing = 0;
		};
/* End PBXResourcesBuildPhase section */

/* Begin PBXSourcesBuildPhase section */
		AA5E68BA1D36206F00F890FC /* Sources */ = {
			isa = PBXSourcesBuildPhase;
			buildActionMask = 2147483647;
			files = (
				AABDA6731D36620000CE1E2E /* ConstraintItem.swift in Sources */,
				AABDA6771D36620000CE1E2E /* ConstraintRelation.swift in Sources */,
				AABDA67F1D36620000CE1E2E /* SnapKit.swift in Sources */,
				AABDA6791D36620000CE1E2E /* Debugging.swift in Sources */,
				AABDA67B1D36620000CE1E2E /* EdgeInsets.swift in Sources */,
				AABDA6811D36620000CE1E2E /* View+SnapKit.swift in Sources */,
				AABDA66D1D36620000CE1E2E /* Constraint.swift in Sources */,
				AA5E68C41D36206F00F890FC /* ViewController.swift in Sources */,
				AA5E68F01D36525C00F890FC /* SpinnerView.swift in Sources */,
				AABDA66F1D36620000CE1E2E /* ConstraintAttributes.swift in Sources */,
				AABDA67D1D36620000CE1E2E /* LayoutConstraint.swift in Sources */,
				AABDA68D1D36811C00CE1E2E /* AccumulatorViewModel.swift in Sources */,
				AABDA6891D3675D000CE1E2E /* AccumulatorView.swift in Sources */,
				AABDA6751D36620000CE1E2E /* ConstraintMaker.swift in Sources */,
				AA5E68C21D36206F00F890FC /* AppDelegate.swift in Sources */,
				AABDA6831D36620000CE1E2E /* ViewController+SnapKit.swift in Sources */,
				AABDA6711D36620000CE1E2E /* ConstraintDescription.swift in Sources */,
			);
			runOnlyForDeploymentPostprocessing = 0;
		};
		AA5E68D31D36217E00F890FC /* Sources */ = {
			isa = PBXSourcesBuildPhase;
			buildActionMask = 2147483647;
			files = (
				AABDA66E1D36620000CE1E2E /* Constraint.swift in Sources */,
				AABDA68E1D36811C00CE1E2E /* AccumulatorViewModel.swift in Sources */,
				AABDA67E1D36620000CE1E2E /* LayoutConstraint.swift in Sources */,
				AABDA67A1D36620000CE1E2E /* Debugging.swift in Sources */,
				AABDA67C1D36620000CE1E2E /* EdgeInsets.swift in Sources */,
				AABDA6701D36620000CE1E2E /* ConstraintAttributes.swift in Sources */,
				AABDA6761D36620000CE1E2E /* ConstraintMaker.swift in Sources */,
				AA5E68ED1D362CDB00F890FC /* SpinnerView.swift in Sources */,
				AABDA6841D36620000CE1E2E /* ViewController+SnapKit.swift in Sources */,
				AA5E68DF1D36217E00F890FC /* NotificationViewController.swift in Sources */,
				AABDA6721D36620000CE1E2E /* ConstraintDescription.swift in Sources */,
				AABDA6781D36620000CE1E2E /* ConstraintRelation.swift in Sources */,
				AABDA6801D36620000CE1E2E /* SnapKit.swift in Sources */,
				AABDA68A1D3675D000CE1E2E /* AccumulatorView.swift in Sources */,
				AABDA6741D36620000CE1E2E /* ConstraintItem.swift in Sources */,
				AABDA6821D36620000CE1E2E /* View+SnapKit.swift in Sources */,
			);
			runOnlyForDeploymentPostprocessing = 0;
		};
/* End PBXSourcesBuildPhase section */

/* Begin PBXTargetDependency section */
		AA5E68E51D36217E00F890FC /* PBXTargetDependency */ = {
			isa = PBXTargetDependency;
			target = AA5E68D61D36217E00F890FC /* Notifier */;
			targetProxy = AA5E68E41D36217E00F890FC /* PBXContainerItemProxy */;
		};
/* End PBXTargetDependency section */

/* Begin PBXVariantGroup section */
		AA5E68C51D36206F00F890FC /* Main.storyboard */ = {
			isa = PBXVariantGroup;
			children = (
				AA5E68C61D36206F00F890FC /* Base */,
			);
			name = Main.storyboard;
			path = .;
			sourceTree = "<group>";
		};
		AA5E68CA1D36206F00F890FC /* LaunchScreen.storyboard */ = {
			isa = PBXVariantGroup;
			children = (
				AA5E68CB1D36206F00F890FC /* Base */,
			);
			name = LaunchScreen.storyboard;
			path = .;
			sourceTree = "<group>";
		};
		AA5E68E01D36217E00F890FC /* MainInterface.storyboard */ = {
			isa = PBXVariantGroup;
			children = (
				AA5E68E11D36217E00F890FC /* Base */,
			);
			name = MainInterface.storyboard;
			path = .;
			sourceTree = "<group>";
		};
/* End PBXVariantGroup section */

/* Begin XCBuildConfiguration section */
		AA5E68CE1D36206F00F890FC /* Debug */ = {
			isa = XCBuildConfiguration;
			buildSettings = {
				ALWAYS_SEARCH_USER_PATHS = NO;
				CLANG_ANALYZER_NONNULL = YES;
				CLANG_CXX_LANGUAGE_STANDARD = "gnu++0x";
				CLANG_CXX_LIBRARY = "libc++";
				CLANG_ENABLE_MODULES = YES;
				CLANG_ENABLE_OBJC_ARC = YES;
				CLANG_WARN_BOOL_CONVERSION = YES;
				CLANG_WARN_CONSTANT_CONVERSION = YES;
				CLANG_WARN_DIRECT_OBJC_ISA_USAGE = YES_ERROR;
				CLANG_WARN_DOCUMENTATION_COMMENTS = YES;
				CLANG_WARN_EMPTY_BODY = YES;
				CLANG_WARN_ENUM_CONVERSION = YES;
				CLANG_WARN_INT_CONVERSION = YES;
				CLANG_WARN_OBJC_ROOT_CLASS = YES_ERROR;
				CLANG_WARN_UNREACHABLE_CODE = YES;
				CLANG_WARN__DUPLICATE_METHOD_MATCH = YES;
				"CODE_SIGN_IDENTITY[sdk=iphoneos*]" = "iPhone Developer";
				COPY_PHASE_STRIP = NO;
				DEBUG_INFORMATION_FORMAT = dwarf;
				ENABLE_STRICT_OBJC_MSGSEND = YES;
				ENABLE_TESTABILITY = YES;
				GCC_C_LANGUAGE_STANDARD = gnu99;
				GCC_DYNAMIC_NO_PIC = NO;
				GCC_NO_COMMON_BLOCKS = YES;
				GCC_OPTIMIZATION_LEVEL = 0;
				GCC_PREPROCESSOR_DEFINITIONS = (
					"DEBUG=1",
					"$(inherited)",
				);
				GCC_WARN_64_TO_32_BIT_CONVERSION = YES;
				GCC_WARN_ABOUT_RETURN_TYPE = YES_ERROR;
				GCC_WARN_UNDECLARED_SELECTOR = YES;
				GCC_WARN_UNINITIALIZED_AUTOS = YES_AGGRESSIVE;
				GCC_WARN_UNUSED_FUNCTION = YES;
				GCC_WARN_UNUSED_VARIABLE = YES;
				IPHONEOS_DEPLOYMENT_TARGET = 10.0;
				MTL_ENABLE_DEBUG_INFO = YES;
				ONLY_ACTIVE_ARCH = YES;
				SDKROOT = iphoneos;
				SWIFT_ACTIVE_COMPILATION_CONDITIONS = DEBUG;
				SWIFT_OPTIMIZATION_LEVEL = "-Onone";
				TARGETED_DEVICE_FAMILY = "1,2";
			};
			name = Debug;
		};
		AA5E68CF1D36206F00F890FC /* Release */ = {
			isa = XCBuildConfiguration;
			buildSettings = {
				ALWAYS_SEARCH_USER_PATHS = NO;
				CLANG_ANALYZER_NONNULL = YES;
				CLANG_CXX_LANGUAGE_STANDARD = "gnu++0x";
				CLANG_CXX_LIBRARY = "libc++";
				CLANG_ENABLE_MODULES = YES;
				CLANG_ENABLE_OBJC_ARC = YES;
				CLANG_WARN_BOOL_CONVERSION = YES;
				CLANG_WARN_CONSTANT_CONVERSION = YES;
				CLANG_WARN_DIRECT_OBJC_ISA_USAGE = YES_ERROR;
				CLANG_WARN_DOCUMENTATION_COMMENTS = YES;
				CLANG_WARN_EMPTY_BODY = YES;
				CLANG_WARN_ENUM_CONVERSION = YES;
				CLANG_WARN_INT_CONVERSION = YES;
				CLANG_WARN_OBJC_ROOT_CLASS = YES_ERROR;
				CLANG_WARN_UNREACHABLE_CODE = YES;
				CLANG_WARN__DUPLICATE_METHOD_MATCH = YES;
				"CODE_SIGN_IDENTITY[sdk=iphoneos*]" = "iPhone Developer";
				COPY_PHASE_STRIP = NO;
				DEBUG_INFORMATION_FORMAT = "dwarf-with-dsym";
				ENABLE_NS_ASSERTIONS = NO;
				ENABLE_STRICT_OBJC_MSGSEND = YES;
				GCC_C_LANGUAGE_STANDARD = gnu99;
				GCC_NO_COMMON_BLOCKS = YES;
				GCC_WARN_64_TO_32_BIT_CONVERSION = YES;
				GCC_WARN_ABOUT_RETURN_TYPE = YES_ERROR;
				GCC_WARN_UNDECLARED_SELECTOR = YES;
				GCC_WARN_UNINITIALIZED_AUTOS = YES_AGGRESSIVE;
				GCC_WARN_UNUSED_FUNCTION = YES;
				GCC_WARN_UNUSED_VARIABLE = YES;
				IPHONEOS_DEPLOYMENT_TARGET = 10.0;
				MTL_ENABLE_DEBUG_INFO = NO;
				SDKROOT = iphoneos;
				SWIFT_OPTIMIZATION_LEVEL = "-Owholemodule";
				TARGETED_DEVICE_FAMILY = "1,2";
				VALIDATE_PRODUCT = YES;
			};
			name = Release;
		};
		AA5E68D11D36206F00F890FC /* Debug */ = {
			isa = XCBuildConfiguration;
			buildSettings = {
				ALWAYS_EMBED_SWIFT_STANDARD_LIBRARIES = YES;
				ASSETCATALOG_COMPILER_APPICON_NAME = AppIcon;
				INFOPLIST_FILE = "Call Provider/Resources/Info.plist";
				LD_RUNPATH_SEARCH_PATHS = "$(inherited) @executable_path/Frameworks";
				PRODUCT_BUNDLE_IDENTIFIER = "com.ivanvavilov.Call-Provider";
				PRODUCT_NAME = "$(TARGET_NAME)";
				SWIFT_VERSION = 3.0;
			};
			name = Debug;
		};
		AA5E68D21D36206F00F890FC /* Release */ = {
			isa = XCBuildConfiguration;
			buildSettings = {
				ALWAYS_EMBED_SWIFT_STANDARD_LIBRARIES = YES;
				ASSETCATALOG_COMPILER_APPICON_NAME = AppIcon;
				INFOPLIST_FILE = "Call Provider/Resources/Info.plist";
				LD_RUNPATH_SEARCH_PATHS = "$(inherited) @executable_path/Frameworks";
				PRODUCT_BUNDLE_IDENTIFIER = "com.ivanvavilov.Call-Provider";
				PRODUCT_NAME = "$(TARGET_NAME)";
				SWIFT_VERSION = 3.0;
			};
			name = Release;
		};
		AA5E68E81D36217E00F890FC /* Debug */ = {
			isa = XCBuildConfiguration;
			buildSettings = {
				INFOPLIST_FILE = Notifier/Resources/Info.plist;
				LD_RUNPATH_SEARCH_PATHS = "$(inherited) @executable_path/Frameworks @executable_path/../../Frameworks";
				PRODUCT_BUNDLE_IDENTIFIER = "com.ivanvavilov.Call-Provider.Notifier";
				PRODUCT_NAME = "$(TARGET_NAME)";
				SKIP_INSTALL = YES;
				SWIFT_VERSION = 3.0;
			};
			name = Debug;
		};
		AA5E68E91D36217E00F890FC /* Release */ = {
			isa = XCBuildConfiguration;
			buildSettings = {
				INFOPLIST_FILE = Notifier/Resources/Info.plist;
				LD_RUNPATH_SEARCH_PATHS = "$(inherited) @executable_path/Frameworks @executable_path/../../Frameworks";
				PRODUCT_BUNDLE_IDENTIFIER = "com.ivanvavilov.Call-Provider.Notifier";
				PRODUCT_NAME = "$(TARGET_NAME)";
				SKIP_INSTALL = YES;
				SWIFT_VERSION = 3.0;
			};
			name = Release;
		};
/* End XCBuildConfiguration section */

/* Begin XCConfigurationList section */
		AA5E68B91D36206F00F890FC /* Build configuration list for PBXProject "Call Provider" */ = {
			isa = XCConfigurationList;
			buildConfigurations = (
				AA5E68CE1D36206F00F890FC /* Debug */,
				AA5E68CF1D36206F00F890FC /* Release */,
			);
			defaultConfigurationIsVisible = 0;
			defaultConfigurationName = Release;
		};
		AA5E68D01D36206F00F890FC /* Build configuration list for PBXNativeTarget "Call Provider" */ = {
			isa = XCConfigurationList;
			buildConfigurations = (
				AA5E68D11D36206F00F890FC /* Debug */,
				AA5E68D21D36206F00F890FC /* Release */,
			);
			defaultConfigurationIsVisible = 0;
			defaultConfigurationName = Release;
		};
		AA5E68E71D36217E00F890FC /* Build configuration list for PBXNativeTarget "Notifier" */ = {
			isa = XCConfigurationList;
			buildConfigurations = (
				AA5E68E81D36217E00F890FC /* Debug */,
				AA5E68E91D36217E00F890FC /* Release */,
			);
			defaultConfigurationIsVisible = 0;
			defaultConfigurationName = Release;
		};
/* End XCConfigurationList section */
	};
	rootObject = AA5E68B61D36206F00F890FC /* Project object */;
}
